
Microsoft Visual Studio Solution File, Format Version 12.00
# Visual Studio 15
VisualStudioVersion = 15.0.28010.2016
MinimumVisualStudioVersion = 10.0.40219.1
Project("{8BC9CEB8-8B4A-11D0-8D11-00A0C91BC942}") = "ReferenceAndEnum", "Cplpl-SelfStudy.vcxproj", "{F477CE57-E43E-4391-8AFC-7FD587409847}"
EndProject
Project("{8BC9CEB8-8B4A-11D0-8D11-00A0C91BC942}") = "CharacterPointer", "CharacterPointer\CharacterPointer.vcxproj", "{76266C6E-C51E-4604-8E52-39A85946439B}"
EndProject
Project("{8BC9CEB8-8B4A-11D0-8D11-00A0C91BC942}") = "FunctionPointer", "FunctionPointer\FunctionPointer.vcxproj", "{FE64DCF7-7D5A-4653-82A8-73F7456A50CF}"
EndProject
Project("{8BC9CEB8-8B4A-11D0-8D11-00A0C91BC942}") = "DataStracture", "DataStracture\DataStracture.vcxproj", "{94AA3FC4-4BB8-456F-95A7-B73D68851FD7}"
EndProject
Project("{8BC9CEB8-8B4A-11D0-8D11-00A0C91BC942}") = "ClassAndStructure", "..\ClassAndStructure\ClassAndStructure.vcxproj", "{5305DAF0-E4CA-4302-A79F-DE5DEE5F7BBF}"
EndProject
Project("{8BC9CEB8-8B4A-11D0-8D11-00A0C91BC942}") = "basicPractice", "..\basicPractice\basicPractice.vcxproj", "{0AB86364-E1E2-4A30-A53B-884F4D96507F}"
EndProject
Project("{8BC9CEB8-8B4A-11D0-8D11-00A0C91BC942}") = "charactorPointer", "charactorPointer\charactorPointer.vcxproj", "{ED0CBC7A-00BA-4C02-A3D9-91FA181A9005}"
EndProject
Project("{8BC9CEB8-8B4A-11D0-8D11-00A0C91BC942}") = "FunctionPractice", "FunctionPractice\FunctionPractice.vcxproj", "{BD589EF3-182A-4717-9AB1-37F6A8134C79}"
EndProject
Project("{8BC9CEB8-8B4A-11D0-8D11-00A0C91BC942}") = "overloading", "overloading\overloading.vcxproj", "{95A13D26-DBB5-45D9-B8B5-0FCDBF73681B}"
EndProject
Project("{8BC9CEB8-8B4A-11D0-8D11-00A0C91BC942}") = "OuterFileAndPointer", "OuterFileAndPointer\OuterFileAndPointer.vcxproj", "{F36F51AA-DBB8-4F66-9E4B-50F4EE514F70}"
EndProject
Project("{8BC9CEB8-8B4A-11D0-8D11-00A0C91BC942}") = "PointerPractice", "PointerPractice\PointerPractice.vcxproj", "{642D820F-FD1C-4954-BD8F-D79F6E7FC546}"
EndProject
Global
	GlobalSection(SolutionConfigurationPlatforms) = preSolution
		Debug|x64 = Debug|x64
		Debug|x86 = Debug|x86
		Release|x64 = Release|x64
		Release|x86 = Release|x86
	EndGlobalSection
	GlobalSection(ProjectConfigurationPlatforms) = postSolution
		{F477CE57-E43E-4391-8AFC-7FD587409847}.Debug|x64.ActiveCfg = Debug|x64
		{F477CE57-E43E-4391-8AFC-7FD587409847}.Debug|x64.Build.0 = Debug|x64
		{F477CE57-E43E-4391-8AFC-7FD587409847}.Debug|x86.ActiveCfg = Debug|Win32
		{F477CE57-E43E-4391-8AFC-7FD587409847}.Debug|x86.Build.0 = Debug|Win32
		{F477CE57-E43E-4391-8AFC-7FD587409847}.Release|x64.ActiveCfg = Release|x64
		{F477CE57-E43E-4391-8AFC-7FD587409847}.Release|x64.Build.0 = Release|x64
		{F477CE57-E43E-4391-8AFC-7FD587409847}.Release|x86.ActiveCfg = Release|Win32
		{F477CE57-E43E-4391-8AFC-7FD587409847}.Release|x86.Build.0 = Release|Win32
		{76266C6E-C51E-4604-8E52-39A85946439B}.Debug|x64.ActiveCfg = Debug|x64
		{76266C6E-C51E-4604-8E52-39A85946439B}.Debug|x64.Build.0 = Debug|x64
		{76266C6E-C51E-4604-8E52-39A85946439B}.Debug|x86.ActiveCfg = Debug|Win32
		{76266C6E-C51E-4604-8E52-39A85946439B}.Debug|x86.Build.0 = Debug|Win32
		{76266C6E-C51E-4604-8E52-39A85946439B}.Release|x64.ActiveCfg = Release|x64
		{76266C6E-C51E-4604-8E52-39A85946439B}.Release|x64.Build.0 = Release|x64
		{76266C6E-C51E-4604-8E52-39A85946439B}.Release|x86.ActiveCfg = Release|Win32
		{76266C6E-C51E-4604-8E52-39A85946439B}.Release|x86.Build.0 = Release|Win32
		{FE64DCF7-7D5A-4653-82A8-73F7456A50CF}.Debug|x64.ActiveCfg = Debug|x64
		{FE64DCF7-7D5A-4653-82A8-73F7456A50CF}.Debug|x64.Build.0 = Debug|x64
		{FE64DCF7-7D5A-4653-82A8-73F7456A50CF}.Debug|x86.ActiveCfg = Debug|Win32
		{FE64DCF7-7D5A-4653-82A8-73F7456A50CF}.Debug|x86.Build.0 = Debug|Win32
		{FE64DCF7-7D5A-4653-82A8-73F7456A50CF}.Release|x64.ActiveCfg = Release|x64
		{FE64DCF7-7D5A-4653-82A8-73F7456A50CF}.Release|x64.Build.0 = Release|x64
		{FE64DCF7-7D5A-4653-82A8-73F7456A50CF}.Release|x86.ActiveCfg = Release|Win32
		{FE64DCF7-7D5A-4653-82A8-73F7456A50CF}.Release|x86.Build.0 = Release|Win32
		{94AA3FC4-4BB8-456F-95A7-B73D68851FD7}.Debug|x64.ActiveCfg = Debug|x64
		{94AA3FC4-4BB8-456F-95A7-B73D68851FD7}.Debug|x64.Build.0 = Debug|x64
		{94AA3FC4-4BB8-456F-95A7-B73D68851FD7}.Debug|x86.ActiveCfg = Debug|Win32
		{94AA3FC4-4BB8-456F-95A7-B73D68851FD7}.Debug|x86.Build.0 = Debug|Win32
		{94AA3FC4-4BB8-456F-95A7-B73D68851FD7}.Release|x64.ActiveCfg = Release|x64
		{94AA3FC4-4BB8-456F-95A7-B73D68851FD7}.Release|x64.Build.0 = Release|x64
		{94AA3FC4-4BB8-456F-95A7-B73D68851FD7}.Release|x86.ActiveCfg = Release|Win32
		{94AA3FC4-4BB8-456F-95A7-B73D68851FD7}.Release|x86.Build.0 = Release|Win32
		{5305DAF0-E4CA-4302-A79F-DE5DEE5F7BBF}.Debug|x64.ActiveCfg = Debug|x64
		{5305DAF0-E4CA-4302-A79F-DE5DEE5F7BBF}.Debug|x64.Build.0 = Debug|x64
		{5305DAF0-E4CA-4302-A79F-DE5DEE5F7BBF}.Debug|x86.ActiveCfg = Debug|Win32
		{5305DAF0-E4CA-4302-A79F-DE5DEE5F7BBF}.Debug|x86.Build.0 = Debug|Win32
		{5305DAF0-E4CA-4302-A79F-DE5DEE5F7BBF}.Release|x64.ActiveCfg = Release|x64
		{5305DAF0-E4CA-4302-A79F-DE5DEE5F7BBF}.Release|x64.Build.0 = Release|x64
		{5305DAF0-E4CA-4302-A79F-DE5DEE5F7BBF}.Release|x86.ActiveCfg = Release|Win32
		{5305DAF0-E4CA-4302-A79F-DE5DEE5F7BBF}.Release|x86.Build.0 = Release|Win32
		{0AB86364-E1E2-4A30-A53B-884F4D96507F}.Debug|x64.ActiveCfg = Debug|x64
		{0AB86364-E1E2-4A30-A53B-884F4D96507F}.Debug|x64.Build.0 = Debug|x64
		{0AB86364-E1E2-4A30-A53B-884F4D96507F}.Debug|x86.ActiveCfg = Debug|Win32
		{0AB86364-E1E2-4A30-A53B-884F4D96507F}.Debug|x86.Build.0 = Debug|Win32
		{0AB86364-E1E2-4A30-A53B-884F4D96507F}.Release|x64.ActiveCfg = Release|x64
		{0AB86364-E1E2-4A30-A53B-884F4D96507F}.Release|x64.Build.0 = Release|x64
		{0AB86364-E1E2-4A30-A53B-884F4D96507F}.Release|x86.ActiveCfg = Release|Win32
		{0AB86364-E1E2-4A30-A53B-884F4D96507F}.Release|x86.Build.0 = Release|Win32
		{ED0CBC7A-00BA-4C02-A3D9-91FA181A9005}.Debug|x64.ActiveCfg = Debug|x64
		{ED0CBC7A-00BA-4C02-A3D9-91FA181A9005}.Debug|x64.Build.0 = Debug|x64
		{ED0CBC7A-00BA-4C02-A3D9-91FA181A9005}.Debug|x86.ActiveCfg = Debug|Win32
		{ED0CBC7A-00BA-4C02-A3D9-91FA181A9005}.Debug|x86.Build.0 = Debug|Win32
		{ED0CBC7A-00BA-4C02-A3D9-91FA181A9005}.Release|x64.ActiveCfg = Release|x64
		{ED0CBC7A-00BA-4C02-A3D9-91FA181A9005}.Release|x64.Build.0 = Release|x64
		{ED0CBC7A-00BA-4C02-A3D9-91FA181A9005}.Release|x86.ActiveCfg = Release|Win32
		{ED0CBC7A-00BA-4C02-A3D9-91FA181A9005}.Release|x86.Build.0 = Release|Win32
		{BD589EF3-182A-4717-9AB1-37F6A8134C79}.Debug|x64.ActiveCfg = Debug|x64
		{BD589EF3-182A-4717-9AB1-37F6A8134C79}.Debug|x64.Build.0 = Debug|x64
		{BD589EF3-182A-4717-9AB1-37F6A8134C79}.Debug|x86.ActiveCfg = Debug|Win32
		{BD589EF3-182A-4717-9AB1-37F6A8134C79}.Debug|x86.Build.0 = Debug|Win32
		{BD589EF3-182A-4717-9AB1-37F6A8134C79}.Release|x64.ActiveCfg = Release|x64
		{BD589EF3-182A-4717-9AB1-37F6A8134C79}.Release|x64.Build.0 = Release|x64
		{BD589EF3-182A-4717-9AB1-37F6A8134C79}.Release|x86.ActiveCfg = Release|Win32
		{BD589EF3-182A-4717-9AB1-37F6A8134C79}.Release|x86.Build.0 = Release|Win32
		{95A13D26-DBB5-45D9-B8B5-0FCDBF73681B}.Debug|x64.ActiveCfg = Debug|x64
		{95A13D26-DBB5-45D9-B8B5-0FCDBF73681B}.Debug|x64.Build.0 = Debug|x64
		{95A13D26-DBB5-45D9-B8B5-0FCDBF73681B}.Debug|x86.ActiveCfg = Debug|Win32
		{95A13D26-DBB5-45D9-B8B5-0FCDBF73681B}.Debug|x86.Build.0 = Debug|Win32
		{95A13D26-DBB5-45D9-B8B5-0FCDBF73681B}.Release|x64.ActiveCfg = Release|x64
		{95A13D26-DBB5-45D9-B8B5-0FCDBF73681B}.Release|x64.Build.0 = Release|x64
		{95A13D26-DBB5-45D9-B8B5-0FCDBF73681B}.Release|x86.ActiveCfg = Release|Win32
		{95A13D26-DBB5-45D9-B8B5-0FCDBF73681B}.Release|x86.Build.0 = Release|Win32
		{F36F51AA-DBB8-4F66-9E4B-50F4EE514F70}.Debug|x64.ActiveCfg = Debug|x64
		{F36F51AA-DBB8-4F66-9E4B-50F4EE514F70}.Debug|x64.Build.0 = Debug|x64
		{F36F51AA-DBB8-4F66-9E4B-50F4EE514F70}.Debug|x86.ActiveCfg = Debug|Win32
		{F36F51AA-DBB8-4F66-9E4B-50F4EE514F70}.Debug|x86.Build.0 = Debug|Win32
		{F36F51AA-DBB8-4F66-9E4B-50F4EE514F70}.Release|x64.ActiveCfg = Release|x64
		{F36F51AA-DBB8-4F66-9E4B-50F4EE514F70}.Release|x64.Build.0 = Release|x64
		{F36F51AA-DBB8-4F66-9E4B-50F4EE514F70}.Release|x86.ActiveCfg = Release|Win32
		{F36F51AA-DBB8-4F66-9E4B-50F4EE514F70}.Release|x86.Build.0 = Release|Win32
		{642D820F-FD1C-4954-BD8F-D79F6E7FC546}.Debug|x64.ActiveCfg = Debug|x64
		{642D820F-FD1C-4954-BD8F-D79F6E7FC546}.Debug|x64.Build.0 = Debug|x64
		{642D820F-FD1C-4954-BD8F-D79F6E7FC546}.Debug|x86.ActiveCfg = Debug|Win32
		{642D820F-FD1C-4954-BD8F-D79F6E7FC546}.Debug|x86.Build.0 = Debug|Win32
		{642D820F-FD1C-4954-BD8F-D79F6E7FC546}.Release|x64.ActiveCfg = Release|x64
		{642D820F-FD1C-4954-BD8F-D79F6E7FC546}.Release|x64.Build.0 = Release|x64
		{642D820F-FD1C-4954-BD8F-D79F6E7FC546}.Release|x86.ActiveCfg = Release|Win32
		{642D820F-FD1C-4954-BD8F-D79F6E7FC546}.Release|x86.Build.0 = Release|Win32
	EndGlobalSection
	GlobalSection(SolutionProperties) = preSolution
		HideSolutionNode = FALSE
	EndGlobalSection
	GlobalSection(ExtensibilityGlobals) = postSolution
		SolutionGuid = {969D6AEE-1DC2-41E1-B8BF-DD670725EDD8}
	EndGlobalSection
EndGlobal
